// !$*UTF8*$!
{
	archiveVersion = 1;
	classes = {
	};
	objectVersion = 46;
	objects = {

/* Begin PBXBuildFile section */
		F02E9DE518D4FCA700AACBD4 /* MainViewController.m in Sources */ = {isa = PBXBuildFile; fileRef = F02E9DE318D4FCA700AACBD4 /* MainViewController.m */; };
		F02E9DE618D4FCA700AACBD4 /* MainViewController.xib in Resources */ = {isa = PBXBuildFile; fileRef = F02E9DE418D4FCA700AACBD4 /* MainViewController.xib */; };
		F02E9DEA18D4FE9500AACBD4 /* UIFont+NTNamedFonts.m in Sources */ = {isa = PBXBuildFile; fileRef = F02E9DE818D4FE9500AACBD4 /* UIFont+NTNamedFonts.m */; };
		F02E9DEE18D5017B00AACBD4 /* NTNamedFontsBootstrap.m in Sources */ = {isa = PBXBuildFile; fileRef = F02E9DED18D5017B00AACBD4 /* NTNamedFontsBootstrap.m */; };
		F02E9E0118D75E5E00AACBD4 /* NTNamedFonts.podspec in Resources */ = {isa = PBXBuildFile; fileRef = F02E9DFE18D75E5E00AACBD4 /* NTNamedFonts.podspec */; };
		F02E9E0218D75E5E00AACBD4 /* README.md in Resources */ = {isa = PBXBuildFile; fileRef = F02E9DFF18D75E5E00AACBD4 /* README.md */; };
		F02E9E0318D75E5E00AACBD4 /* LICENSE in Resources */ = {isa = PBXBuildFile; fileRef = F02E9E0018D75E5E00AACBD4 /* LICENSE */; };
		F03F930818D2B60300B547FB /* Foundation.framework in Frameworks */ = {isa = PBXBuildFile; fileRef = F03F930718D2B60300B547FB /* Foundation.framework */; };
		F03F930A18D2B60300B547FB /* CoreGraphics.framework in Frameworks */ = {isa = PBXBuildFile; fileRef = F03F930918D2B60300B547FB /* CoreGraphics.framework */; };
		F03F930C18D2B60300B547FB /* UIKit.framework in Frameworks */ = {isa = PBXBuildFile; fileRef = F03F930B18D2B60300B547FB /* UIKit.framework */; };
		F03F931218D2B60300B547FB /* InfoPlist.strings in Resources */ = {isa = PBXBuildFile; fileRef = F03F931018D2B60300B547FB /* InfoPlist.strings */; };
		F03F931418D2B60300B547FB /* main.m in Sources */ = {isa = PBXBuildFile; fileRef = F03F931318D2B60300B547FB /* main.m */; };
		F03F931818D2B60300B547FB /* AppDelegate.m in Sources */ = {isa = PBXBuildFile; fileRef = F03F931718D2B60300B547FB /* AppDelegate.m */; };
		F03F931A18D2B60300B547FB /* Images.xcassets in Resources */ = {isa = PBXBuildFile; fileRef = F03F931918D2B60300B547FB /* Images.xcassets */; };
		F03F932118D2B60300B547FB /* XCTest.framework in Frameworks */ = {isa = PBXBuildFile; fileRef = F03F932018D2B60300B547FB /* XCTest.framework */; };
		F03F932218D2B60300B547FB /* Foundation.framework in Frameworks */ = {isa = PBXBuildFile; fileRef = F03F930718D2B60300B547FB /* Foundation.framework */; };
		F03F932318D2B60300B547FB /* UIKit.framework in Frameworks */ = {isa = PBXBuildFile; fileRef = F03F930B18D2B60300B547FB /* UIKit.framework */; };
		F03F932B18D2B60300B547FB /* InfoPlist.strings in Resources */ = {isa = PBXBuildFile; fileRef = F03F932918D2B60300B547FB /* InfoPlist.strings */; };
		F03F932D18D2B60300B547FB /* NTNamedFontsBootstrapTests.m in Sources */ = {isa = PBXBuildFile; fileRef = F03F932C18D2B60300B547FB /* NTNamedFontsBootstrapTests.m */; };
/* End PBXBuildFile section */

/* Begin PBXContainerItemProxy section */
		F03F932418D2B60300B547FB /* PBXContainerItemProxy */ = {
			isa = PBXContainerItemProxy;
			containerPortal = F03F92FC18D2B60300B547FB /* Project object */;
			proxyType = 1;
			remoteGlobalIDString = F03F930318D2B60300B547FB;
			remoteInfo = NTNamedFontsBootstrap;
		};
/* End PBXContainerItemProxy section */

/* Begin PBXFileReference section */
		F02E9DE218D4FCA700AACBD4 /* MainViewController.h */ = {isa = PBXFileReference; fileEncoding = 4; lastKnownFileType = sourcecode.c.h; path = MainViewController.h; sourceTree = "<group>"; };
		F02E9DE318D4FCA700AACBD4 /* MainViewController.m */ = {isa = PBXFileReference; fileEncoding = 4; lastKnownFileType = sourcecode.c.objc; path = MainViewController.m; sourceTree = "<group>"; };
		F02E9DE418D4FCA700AACBD4 /* MainViewController.xib */ = {isa = PBXFileReference; fileEncoding = 4; lastKnownFileType = file.xib; path = MainViewController.xib; sourceTree = "<group>"; };
		F02E9DE818D4FE9500AACBD4 /* UIFont+NTNamedFonts.m */ = {isa = PBXFileReference; fileEncoding = 4; lastKnownFileType = sourcecode.c.objc; path = "UIFont+NTNamedFonts.m"; sourceTree = "<group>"; };
		F02E9DE918D4FE9500AACBD4 /* UIFont+NTNamedFonts.h */ = {isa = PBXFileReference; fileEncoding = 4; lastKnownFileType = sourcecode.c.h; path = "UIFont+NTNamedFonts.h"; sourceTree = "<group>"; };
		F02E9DEC18D5017B00AACBD4 /* NTNamedFontsBootstrap.h */ = {isa = PBXFileReference; fileEncoding = 4; lastKnownFileType = sourcecode.c.h; name = NTNamedFontsBootstrap.h; path = Bootstrap/NTNamedFontsBootstrap.h; sourceTree = "<group>"; };
		F02E9DED18D5017B00AACBD4 /* NTNamedFontsBootstrap.m */ = {isa = PBXFileReference; fileEncoding = 4; lastKnownFileType = sourcecode.c.objc; name = NTNamedFontsBootstrap.m; path = Bootstrap/NTNamedFontsBootstrap.m; sourceTree = "<group>"; };
		F02E9DFE18D75E5E00AACBD4 /* NTNamedFonts.podspec */ = {isa = PBXFileReference; fileEncoding = 4; lastKnownFileType = text; path = NTNamedFonts.podspec; sourceTree = "<group>"; };
		F02E9DFF18D75E5E00AACBD4 /* README.md */ = {isa = PBXFileReference; fileEncoding = 4; lastKnownFileType = text; path = README.md; sourceTree = "<group>"; };
		F02E9E0018D75E5E00AACBD4 /* LICENSE */ = {isa = PBXFileReference; fileEncoding = 4; lastKnownFileType = text; path = LICENSE; sourceTree = "<group>"; };
		F03F930418D2B60300B547FB /* NTNamedFontsBootstrap.app */ = {isa = PBXFileReference; explicitFileType = wrapper.application; includeInIndex = 0; path = NTNamedFontsBootstrap.app; sourceTree = BUILT_PRODUCTS_DIR; };
		F03F930718D2B60300B547FB /* Foundation.framework */ = {isa = PBXFileReference; lastKnownFileType = wrapper.framework; name = Foundation.framework; path = System/Library/Frameworks/Foundation.framework; sourceTree = SDKROOT; };
		F03F930918D2B60300B547FB /* CoreGraphics.framework */ = {isa = PBXFileReference; lastKnownFileType = wrapper.framework; name = CoreGraphics.framework; path = System/Library/Frameworks/CoreGraphics.framework; sourceTree = SDKROOT; };
		F03F930B18D2B60300B547FB /* UIKit.framework */ = {isa = PBXFileReference; lastKnownFileType = wrapper.framework; name = UIKit.framework; path = System/Library/Frameworks/UIKit.framework; sourceTree = SDKROOT; };
		F03F930F18D2B60300B547FB /* NTNamedFontsBootstrap-Info.plist */ = {isa = PBXFileReference; lastKnownFileType = text.plist.xml; path = "NTNamedFontsBootstrap-Info.plist"; sourceTree = "<group>"; };
		F03F931118D2B60300B547FB /* en */ = {isa = PBXFileReference; lastKnownFileType = text.plist.strings; name = en; path = en.lproj/InfoPlist.strings; sourceTree = "<group>"; };
		F03F931318D2B60300B547FB /* main.m */ = {isa = PBXFileReference; lastKnownFileType = sourcecode.c.objc; path = main.m; sourceTree = "<group>"; };
		F03F931518D2B60300B547FB /* NTNamedFontsBootstrap-Prefix.pch */ = {isa = PBXFileReference; lastKnownFileType = sourcecode.c.h; path = "NTNamedFontsBootstrap-Prefix.pch"; sourceTree = "<group>"; };
		F03F931618D2B60300B547FB /* AppDelegate.h */ = {isa = PBXFileReference; lastKnownFileType = sourcecode.c.h; path = AppDelegate.h; sourceTree = "<group>"; };
		F03F931718D2B60300B547FB /* AppDelegate.m */ = {isa = PBXFileReference; lastKnownFileType = sourcecode.c.objc; path = AppDelegate.m; sourceTree = "<group>"; };
		F03F931918D2B60300B547FB /* Images.xcassets */ = {isa = PBXFileReference; lastKnownFileType = folder.assetcatalog; path = Images.xcassets; sourceTree = "<group>"; };
		F03F931F18D2B60300B547FB /* NTNamedFontsBootstrapTests.xctest */ = {isa = PBXFileReference; explicitFileType = wrapper.cfbundle; includeInIndex = 0; path = NTNamedFontsBootstrapTests.xctest; sourceTree = BUILT_PRODUCTS_DIR; };
		F03F932018D2B60300B547FB /* XCTest.framework */ = {isa = PBXFileReference; lastKnownFileType = wrapper.framework; name = XCTest.framework; path = Library/Frameworks/XCTest.framework; sourceTree = DEVELOPER_DIR; };
		F03F932818D2B60300B547FB /* NTNamedFontsBootstrapTests-Info.plist */ = {isa = PBXFileReference; lastKnownFileType = text.plist.xml; path = "NTNamedFontsBootstrapTests-Info.plist"; sourceTree = "<group>"; };
		F03F932A18D2B60300B547FB /* en */ = {isa = PBXFileReference; lastKnownFileType = text.plist.strings; name = en; path = en.lproj/InfoPlist.strings; sourceTree = "<group>"; };
		F03F932C18D2B60300B547FB /* NTNamedFontsBootstrapTests.m */ = {isa = PBXFileReference; lastKnownFileType = sourcecode.c.objc; path = NTNamedFontsBootstrapTests.m; sourceTree = "<group>"; };
/* End PBXFileReference section */

/* Begin PBXFrameworksBuildPhase section */
		F03F930118D2B60300B547FB /* Frameworks */ = {
			isa = PBXFrameworksBuildPhase;
			buildActionMask = 2147483647;
			files = (
				F03F930A18D2B60300B547FB /* CoreGraphics.framework in Frameworks */,
				F03F930C18D2B60300B547FB /* UIKit.framework in Frameworks */,
				F03F930818D2B60300B547FB /* Foundation.framework in Frameworks */,
			);
			runOnlyForDeploymentPostprocessing = 0;
		};
		F03F931C18D2B60300B547FB /* Frameworks */ = {
			isa = PBXFrameworksBuildPhase;
			buildActionMask = 2147483647;
			files = (
				F03F932118D2B60300B547FB /* XCTest.framework in Frameworks */,
				F03F932318D2B60300B547FB /* UIKit.framework in Frameworks */,
				F03F932218D2B60300B547FB /* Foundation.framework in Frameworks */,
			);
			runOnlyForDeploymentPostprocessing = 0;
		};
/* End PBXFrameworksBuildPhase section */

/* Begin PBXGroup section */
		F02E9DE118D4FC7800AACBD4 /* ViewControllers */ = {
			isa = PBXGroup;
			children = (
				F02E9DE218D4FCA700AACBD4 /* MainViewController.h */,
				F02E9DE318D4FCA700AACBD4 /* MainViewController.m */,
				F02E9DE418D4FCA700AACBD4 /* MainViewController.xib */,
			);
			path = ViewControllers;
			sourceTree = "<group>";
		};
		F02E9DE718D4FE7000AACBD4 /* NTNamedFonts */ = {
			isa = PBXGroup;
			children = (
				F02E9DFE18D75E5E00AACBD4 /* NTNamedFonts.podspec */,
				F02E9DFF18D75E5E00AACBD4 /* README.md */,
				F02E9E0018D75E5E00AACBD4 /* LICENSE */,
				F02E9DE918D4FE9500AACBD4 /* UIFont+NTNamedFonts.h */,
				F02E9DE818D4FE9500AACBD4 /* UIFont+NTNamedFonts.m */,
			);
			name = NTNamedFonts;
			path = ../..;
			sourceTree = "<group>";
		};
		F03F92FB18D2B60300B547FB = {
			isa = PBXGroup;
			children = (
				F03F930D18D2B60300B547FB /* NTNamedFontsBootstrap */,
				F03F932618D2B60300B547FB /* NTNamedFontsBootstrapTests */,
				F03F930618D2B60300B547FB /* Frameworks */,
				F03F930518D2B60300B547FB /* Products */,
			);
			sourceTree = "<group>";
		};
		F03F930518D2B60300B547FB /* Products */ = {
			isa = PBXGroup;
			children = (
				F03F930418D2B60300B547FB /* NTNamedFontsBootstrap.app */,
				F03F931F18D2B60300B547FB /* NTNamedFontsBootstrapTests.xctest */,
			);
			name = Products;
			sourceTree = "<group>";
		};
		F03F930618D2B60300B547FB /* Frameworks */ = {
			isa = PBXGroup;
			children = (
				F03F930718D2B60300B547FB /* Foundation.framework */,
				F03F930918D2B60300B547FB /* CoreGraphics.framework */,
				F03F930B18D2B60300B547FB /* UIKit.framework */,
				F03F932018D2B60300B547FB /* XCTest.framework */,
			);
			name = Frameworks;
			sourceTree = "<group>";
		};
		F03F930D18D2B60300B547FB /* NTNamedFontsBootstrap */ = {
			isa = PBXGroup;
			children = (
				F02E9DE718D4FE7000AACBD4 /* NTNamedFonts */,
				F02E9DEC18D5017B00AACBD4 /* NTNamedFontsBootstrap.h */,
				F02E9DED18D5017B00AACBD4 /* NTNamedFontsBootstrap.m */,
				F02E9DE118D4FC7800AACBD4 /* ViewControllers */,
				F03F931618D2B60300B547FB /* AppDelegate.h */,
				F03F931718D2B60300B547FB /* AppDelegate.m */,
				F03F931918D2B60300B547FB /* Images.xcassets */,
				F03F930E18D2B60300B547FB /* Supporting Files */,
			);
			path = NTNamedFontsBootstrap;
			sourceTree = "<group>";
		};
		F03F930E18D2B60300B547FB /* Supporting Files */ = {
			isa = PBXGroup;
			children = (
				F03F930F18D2B60300B547FB /* NTNamedFontsBootstrap-Info.plist */,
				F03F931018D2B60300B547FB /* InfoPlist.strings */,
				F03F931318D2B60300B547FB /* main.m */,
				F03F931518D2B60300B547FB /* NTNamedFontsBootstrap-Prefix.pch */,
			);
			name = "Supporting Files";
			sourceTree = "<group>";
		};
		F03F932618D2B60300B547FB /* NTNamedFontsBootstrapTests */ = {
			isa = PBXGroup;
			children = (
				F03F932C18D2B60300B547FB /* NTNamedFontsBootstrapTests.m */,
				F03F932718D2B60300B547FB /* Supporting Files */,
			);
			path = NTNamedFontsBootstrapTests;
			sourceTree = "<group>";
		};
		F03F932718D2B60300B547FB /* Supporting Files */ = {
			isa = PBXGroup;
			children = (
				F03F932818D2B60300B547FB /* NTNamedFontsBootstrapTests-Info.plist */,
				F03F932918D2B60300B547FB /* InfoPlist.strings */,
			);
			name = "Supporting Files";
			sourceTree = "<group>";
		};
/* End PBXGroup section */

/* Begin PBXNativeTarget section */
		F03F930318D2B60300B547FB /* NTNamedFontsBootstrap */ = {
			isa = PBXNativeTarget;
			buildConfigurationList = F03F933018D2B60300B547FB /* Build configuration list for PBXNativeTarget "NTNamedFontsBootstrap" */;
			buildPhases = (
				F03F930018D2B60300B547FB /* Sources */,
				F03F930118D2B60300B547FB /* Frameworks */,
				F03F930218D2B60300B547FB /* Resources */,
			);
			buildRules = (
			);
			dependencies = (
			);
			name = NTNamedFontsBootstrap;
			productName = NTNamedFontsBootstrap;
			productReference = F03F930418D2B60300B547FB /* NTNamedFontsBootstrap.app */;
			productType = "com.apple.product-type.application";
		};
		F03F931E18D2B60300B547FB /* NTNamedFontsBootstrapTests */ = {
			isa = PBXNativeTarget;
			buildConfigurationList = F03F933318D2B60300B547FB /* Build configuration list for PBXNativeTarget "NTNamedFontsBootstrapTests" */;
			buildPhases = (
				F03F931B18D2B60300B547FB /* Sources */,
				F03F931C18D2B60300B547FB /* Frameworks */,
				F03F931D18D2B60300B547FB /* Resources */,
			);
			buildRules = (
			);
			dependencies = (
				F03F932518D2B60300B547FB /* PBXTargetDependency */,
			);
			name = NTNamedFontsBootstrapTests;
			productName = NTNamedFontsBootstrapTests;
			productReference = F03F931F18D2B60300B547FB /* NTNamedFontsBootstrapTests.xctest */;
			productType = "com.apple.product-type.bundle.unit-test";
		};
/* End PBXNativeTarget section */

/* Begin PBXProject section */
		F03F92FC18D2B60300B547FB /* Project object */ = {
			isa = PBXProject;
			attributes = {
				LastUpgradeCheck = 0510;
				ORGANIZATIONNAME = NagelTech;
				TargetAttributes = {
					F03F931E18D2B60300B547FB = {
						TestTargetID = F03F930318D2B60300B547FB;
					};
				};
			};
			buildConfigurationList = F03F92FF18D2B60300B547FB /* Build configuration list for PBXProject "NTNamedFontsBootstrap" */;
			compatibilityVersion = "Xcode 3.2";
			developmentRegion = English;
			hasScannedForEncodings = 0;
			knownRegions = (
				en,
			);
			mainGroup = F03F92FB18D2B60300B547FB;
			productRefGroup = F03F930518D2B60300B547FB /* Products */;
			projectDirPath = "";
			projectRoot = "";
			targets = (
				F03F930318D2B60300B547FB /* NTNamedFontsBootstrap */,
				F03F931E18D2B60300B547FB /* NTNamedFontsBootstrapTests */,
			);
		};
/* End PBXProject section */

/* Begin PBXResourcesBuildPhase section */
		F03F930218D2B60300B547FB /* Resources */ = {
			isa = PBXResourcesBuildPhase;
			buildActionMask = 2147483647;
			files = (
				F02E9E0318D75E5E00AACBD4 /* LICENSE in Resources */,
				F03F931218D2B60300B547FB /* InfoPlist.strings in Resources */,
				F02E9E0118D75E5E00AACBD4 /* NTNamedFonts.podspec in Resources */,
				F02E9E0218D75E5E00AACBD4 /* README.md in Resources */,
				F02E9DE618D4FCA700AACBD4 /* MainViewController.xib in Resources */,
				F03F931A18D2B60300B547FB /* Images.xcassets in Resources */,
			);
			runOnlyForDeploymentPostprocessing = 0;
		};
		F03F931D18D2B60300B547FB /* Resources */ = {
			isa = PBXResourcesBuildPhase;
			buildActionMask = 2147483647;
			files = (
				F03F932B18D2B60300B547FB /* InfoPlist.strings in Resources */,
			);
			runOnlyForDeploymentPostprocessing = 0;
		};
/* End PBXResourcesBuildPhase section */

/* Begin PBXSourcesBuildPhase section */
		F03F930018D2B60300B547FB /* Sources */ = {
			isa = PBXSourcesBuildPhase;
			buildActionMask = 2147483647;
			files = (
				F03F931818D2B60300B547FB /* AppDelegate.m in Sources */,
				F02E9DEA18D4FE9500AACBD4 /* UIFont+NTNamedFonts.m in Sources */,
				F02E9DEE18D5017B00AACBD4 /* NTNamedFontsBootstrap.m in Sources */,
				F02E9DE518D4FCA700AACBD4 /* MainViewController.m in Sources */,
				F03F931418D2B60300B547FB /* main.m in Sources */,
			);
			runOnlyForDeploymentPostprocessing = 0;
		};
		F03F931B18D2B60300B547FB /* Sources */ = {
			isa = PBXSourcesBuildPhase;
			buildActionMask = 2147483647;
			files = (
				F03F932D18D2B60300B547FB /* NTNamedFontsBootstrapTests.m in Sources */,
			);
			runOnlyForDeploymentPostprocessing = 0;
		};
/* End PBXSourcesBuildPhase section */

/* Begin PBXTargetDependency section */
		F03F932518D2B60300B547FB /* PBXTargetDependency */ = {
			isa = PBXTargetDependency;
			target = F03F930318D2B60300B547FB /* NTNamedFontsBootstrap */;
			targetProxy = F03F932418D2B60300B547FB /* PBXContainerItemProxy */;
		};
/* End PBXTargetDependency section */

/* Begin PBXVariantGroup section */
		F03F931018D2B60300B547FB /* InfoPlist.strings */ = {
			isa = PBXVariantGroup;
			children = (
				F03F931118D2B60300B547FB /* en */,
			);
			name = InfoPlist.strings;
			sourceTree = "<group>";
		};
		F03F932918D2B60300B547FB /* InfoPlist.strings */ = {
			isa = PBXVariantGroup;
			children = (
				F03F932A18D2B60300B547FB /* en */,
			);
			name = InfoPlist.strings;
			sourceTree = "<group>";
		};
/* End PBXVariantGroup section */

/* Begin XCBuildConfiguration section */
		F03F932E18D2B60300B547FB /* Debug */ = {
			isa = XCBuildConfiguration;
			buildSettings = {
				ALWAYS_SEARCH_USER_PATHS = NO;
				CLANG_CXX_LANGUAGE_STANDARD = "gnu++0x";
				CLANG_CXX_LIBRARY = "libc++";
				CLANG_ENABLE_MODULES = YES;
				CLANG_ENABLE_OBJC_ARC = YES;
				CLANG_WARN_BOOL_CONVERSION = YES;
				CLANG_WARN_CONSTANT_CONVERSION = YES;
				CLANG_WARN_DIRECT_OBJC_ISA_USAGE = YES_ERROR;
				CLANG_WARN_EMPTY_BODY = YES;
				CLANG_WARN_ENUM_CONVERSION = YES;
				CLANG_WARN_INT_CONVERSION = YES;
				CLANG_WARN_OBJC_ROOT_CLASS = YES_ERROR;
				CLANG_WARN__DUPLICATE_METHOD_MATCH = YES;
				"CODE_SIGN_IDENTITY[sdk=iphoneos*]" = "iPhone Developer";
				COPY_PHASE_STRIP = NO;
				GCC_C_LANGUAGE_STANDARD = gnu99;
				GCC_DYNAMIC_NO_PIC = NO;
				GCC_OPTIMIZATION_LEVEL = 0;
				GCC_PREPROCESSOR_DEFINITIONS = (
					"DEBUG=1",
					"$(inherited)",
				);
				GCC_SYMBOLS_PRIVATE_EXTERN = NO;
				GCC_WARN_64_TO_32_BIT_CONVERSION = YES;
				GCC_WARN_ABOUT_RETURN_TYPE = YES_ERROR;
				GCC_WARN_UNDECLARED_SELECTOR = YES;
				GCC_WARN_UNINITIALIZED_AUTOS = YES_AGGRESSIVE;
				GCC_WARN_UNUSED_FUNCTION = YES;
				GCC_WARN_UNUSED_VARIABLE = YES;
				IPHONEOS_DEPLOYMENT_TARGET = 4.3;
				ONLY_ACTIVE_ARCH = YES;
				SDKROOT = iphoneos;
			};
			name = Debug;
		};
		F03F932F18D2B60300B547FB /* Release */ = {
			isa = XCBuildConfiguration;
			buildSettings = {
				ALWAYS_SEARCH_USER_PATHS = NO;
				CLANG_CXX_LANGUAGE_STANDARD = "gnu++0x";
				CLANG_CXX_LIBRARY = "libc++";
				CLANG_ENABLE_MODULES = YES;
				CLANG_ENABLE_OBJC_ARC = YES;
				CLANG_WARN_BOOL_CONVERSION = YES;
				CLANG_WARN_CONSTANT_CONVERSION = YES;
				CLANG_WARN_DIRECT_OBJC_ISA_USAGE = YES_ERROR;
				CLANG_WARN_EMPTY_BODY = YES;
				CLANG_WARN_ENUM_CONVERSION = YES;
				CLANG_WARN_INT_CONVERSION = YES;
				CLANG_WARN_OBJC_ROOT_CLASS = YES_ERROR;
				CLANG_WARN__DUPLICATE_METHOD_MATCH = YES;
				"CODE_SIGN_IDENTITY[sdk=iphoneos*]" = "iPhone Developer";
				COPY_PHASE_STRIP = YES;
				ENABLE_NS_ASSERTIONS = NO;
				GCC_C_LANGUAGE_STANDARD = gnu99;
				GCC_WARN_64_TO_32_BIT_CONVERSION = YES;
				GCC_WARN_ABOUT_RETURN_TYPE = YES_ERROR;
				GCC_WARN_UNDECLARED_SELECTOR = YES;
				GCC_WARN_UNINITIALIZED_AUTOS = YES_AGGRESSIVE;
				GCC_WARN_UNUSED_FUNCTION = YES;
				GCC_WARN_UNUSED_VARIABLE = YES;
				IPHONEOS_DEPLOYMENT_TARGET = 4.3;
				SDKROOT = iphoneos;
				VALIDATE_PRODUCT = YES;
			};
			name = Release;
		};
		F03F933118D2B60300B547FB /* Debug */ = {
			isa = XCBuildConfiguration;
			buildSettings = {
				ASSETCATALOG_COMPILER_APPICON_NAME = AppIcon;
				ASSETCATALOG_COMPILER_LAUNCHIMAGE_NAME = LaunchImage;
				GCC_PRECOMPILE_PREFIX_HEADER = YES;
				GCC_PREFIX_HEADER = "NTNamedFontsBootstrap/NTNamedFontsBootstrap-Prefix.pch";
				INFOPLIST_FILE = "NTNamedFontsBootstrap/NTNamedFontsBootstrap-Info.plist";
				PRODUCT_NAME = "$(TARGET_NAME)";
				WRAPPER_EXTENSION = app;
			};
			name = Debug;
		};
		F03F933218D2B60300B547FB /* Release */ = {
			isa = XCBuildConfiguration;
			buildSettings = {
				ASSETCATALOG_COMPILER_APPICON_NAME = AppIcon;
				ASSETCATALOG_COMPILER_LAUNCHIMAGE_NAME = LaunchImage;
				GCC_PRECOMPILE_PREFIX_HEADER = YES;
				GCC_PREFIX_HEADER = "NTNamedFontsBootstrap/NTNamedFontsBootstrap-Prefix.pch";
				INFOPLIST_FILE = "NTNamedFontsBootstrap/NTNamedFontsBootstrap-Info.plist";
				PRODUCT_NAME = "$(TARGET_NAME)";
				WRAPPER_EXTENSION = app;
			};
			name = Release;
		};
		F03F933418D2B60300B547FB /* Debug */ = {
			isa = XCBuildConfiguration;
			buildSettings = {
				BUNDLE_LOADER = "$(BUILT_PRODUCTS_DIR)/NTNamedFontsBootstrap.app/NTNamedFontsBootstrap";
				FRAMEWORK_SEARCH_PATHS = (
					"$(SDKROOT)/Developer/Library/Frameworks",
					"$(inherited)",
					"$(DEVELOPER_FRAMEWORKS_DIR)",
				);
				GCC_PRECOMPILE_PREFIX_HEADER = YES;
				GCC_PREFIX_HEADER = "NTNamedFontsBootstrap/NTNamedFontsBootstrap-Prefix.pch";
				GCC_PREPROCESSOR_DEFINITIONS = (
					"DEBUG=1",
					"$(inherited)",
				);
				INFOPLIST_FILE = "NTNamedFontsBootstrapTests/NTNamedFontsBootstrapTests-Info.plist";
				PRODUCT_NAME = "$(TARGET_NAME)";
				TEST_HOST = "$(BUNDLE_LOADER)";
				WRAPPER_EXTENSION = xctest;
			};
			name = Debug;
		};
		F03F933518D2B60300B547FB /* Release */ = {
			isa = XCBuildConfiguration;
			buildSettings = {
				BUNDLE_LOADER = "$(BUILT_PRODUCTS_DIR)/NTNamedFontsBootstrap.app/NTNamedFontsBootstrap";
				FRAMEWORK_SEARCH_PATHS = (
					"$(SDKROOT)/Developer/Library/Frameworks",
					"$(inherited)",
					"$(DEVELOPER_FRAMEWORKS_DIR)",
				);
				GCC_PRECOMPILE_PREFIX_HEADER = YES;
				GCC_PREFIX_HEADER = "NTNamedFontsBootstrap/NTNamedFontsBootstrap-Prefix.pch";
				INFOPLIST_FILE = "NTNamedFontsBootstrapTests/NTNamedFontsBootstrapTests-Info.plist";
				PRODUCT_NAME = "$(TARGET_NAME)";
				TEST_HOST = "$(BUNDLE_LOADER)";
				WRAPPER_EXTENSION = xctest;
			};
			name = Release;
		};
/* End XCBuildConfiguration section */

/* Begin XCConfigurationList section */
		F03F92FF18D2B60300B547FB /* Build configuration list for PBXProject "NTNamedFontsBootstrap" */ = {
			isa = XCConfigurationList;
			buildConfigurations = (
				F03F932E18D2B60300B547FB /* Debug */,
				F03F932F18D2B60300B547FB /* Release */,
			);
			defaultConfigurationIsVisible = 0;
			defaultConfigurationName = Release;
		};
		F03F933018D2B60300B547FB /* Build configuration list for PBXNativeTarget "NTNamedFontsBootstrap" */ = {
			isa = XCConfigurationList;
			buildConfigurations = (
				F03F933118D2B60300B547FB /* Debug */,
				F03F933218D2B60300B547FB /* Release */,
			);
			defaultConfigurationIsVisible = 0;
			defaultConfigurationName = Release;
		};
		F03F933318D2B60300B547FB /* Build configuration list for PBXNativeTarget "NTNamedFontsBootstrapTests" */ = {
			isa = XCConfigurationList;
			buildConfigurations = (
				F03F933418D2B60300B547FB /* Debug */,
				F03F933518D2B60300B547FB /* Release */,
			);
			defaultConfigurationIsVisible = 0;
			defaultConfigurationName = Release;
		};
/* End XCConfigurationList section */
	};
	rootObject = F03F92FC18D2B60300B547FB /* Project object */;
}
